<?xml version="1.0" encoding="utf-8"?>
<Project ToolsVersion="4.0" xmlns="http://schemas.microsoft.com/developer/msbuild/2003">
  <ItemGroup>
    <Filter Include="ImGui">
      <UniqueIdentifier>{140e340f-de98-4df8-a80c-bdb5d80124cc}</UniqueIdentifier>
    </Filter>
    <Filter Include="ImJtool">
      <UniqueIdentifier>{c4119f0e-85c1-4e46-9f07-0b8a96d6f0ae}</UniqueIdentifier>
    </Filter>
  </ItemGroup>
  <ItemGroup>
    <ClCompile Include="Editor.cpp">
      <Filter>ImJtool</Filter>
    </ClCompile>
    <ClCompile Include="Game.cpp">
      <Filter>ImJtool</Filter>
    </ClCompile>
    <ClCompile Include="Gui.cpp">
      <Filter>ImJtool</Filter>
    </ClCompile>
    <ClCompile Include="InputManager.cpp">
      <Filter>ImJtool</Filter>
    </ClCompile>
    <ClCompile Include="main.cpp">
      <Filter>ImJtool</Filter>
    </ClCompile>
    <ClCompile Include="Object.cpp">
      <Filter>ImJtool</Filter>
    </ClCompile>
    <ClCompile Include="ObjectManager.cpp">
      <Filter>ImJtool</Filter>
    </ClCompile>
    <ClCompile Include="ResourceManager.cpp">
      <Filter>ImJtool</Filter>
    </ClCompile>
    <ClCompile Include="Sprite.cpp">
      <Filter>ImJtool</Filter>
    </ClCompile>
    <ClCompile Include="imgui.cpp">
      <Filter>ImGui</Filter>
    </ClCompile>
    <ClCompile Include="imgui_demo.cpp">
      <Filter>ImGui</Filter>
    </ClCompile>
    <ClCompile Include="imgui_draw.cpp">
      <Filter>ImGui</Filter>
    </ClCompile>
    <ClCompile Include="imgui_tables.cpp">
      <Filter>ImGui</Filter>
    </ClCompile>
    <ClCompile Include="imgui_widgets.cpp">
      <Filter>ImGui</Filter>
    </ClCompile>
    <ClCompile Include="imgui-SFML.cpp">
      <Filter>ImGui</Filter>
    </ClCompile>
    <ClCompile Include="InGame.cpp">
      <Filter>ImJtool</Filter>
    </ClCompile>
  </ItemGroup>
  <ItemGroup>
    <ClInclude Include="Editor.h">
      <Filter>ImJtool</Filter>
    </ClInclude>
    <ClInclude Include="Game.h">
      <Filter>ImJtool</Filter>
    </ClInclude>
    <ClInclude Include="Gui.h">
      <Filter>ImJtool</Filter>
    </ClInclude>
    <ClInclude Include="InputManager.h">
      <Filter>ImJtool</Filter>
    </ClInclude>
    <ClInclude Include="Object.h">
      <Filter>ImJtool</Filter>
    </ClInclude>
    <ClInclude Include="ObjectManager.h">
      <Filter>ImJtool</Filter>
    </ClInclude>
    <ClInclude Include="ResourceManager.h">
      <Filter>ImJtool</Filter>
    </ClInclude>
    <ClInclude Include="Sprite.h">
      <Filter>ImJtool</Filter>
    </ClInclude>
    <ClInclude Include="InGame.h">
      <Filter>ImJtool</Filter>
    </ClInclude>
  </ItemGroup>
</Project>